// !$*UTF8*$!
{
	archiveVersion = 1;
	classes = {
	};
	objectVersion = 48;
	objects = {

/* Begin PBXBuildFile section */
		AC1730271FA1436A003791E4 /* Model.xcdatamodeld in Sources */ = {isa = PBXBuildFile; fileRef = AC1730251FA1436A003791E4 /* Model.xcdatamodeld */; };
		AC17302D1FA143E2003791E4 /* Location+CoreDataClass.swift in Sources */ = {isa = PBXBuildFile; fileRef = AC1730291FA143E2003791E4 /* Location+CoreDataClass.swift */; };
		AC17302E1FA143E2003791E4 /* Location+CoreDataProperties.swift in Sources */ = {isa = PBXBuildFile; fileRef = AC17302A1FA143E2003791E4 /* Location+CoreDataProperties.swift */; };
		AC17302F1FA143E2003791E4 /* Photo+CoreDataClass.swift in Sources */ = {isa = PBXBuildFile; fileRef = AC17302B1FA143E2003791E4 /* Photo+CoreDataClass.swift */; };
		AC1730301FA143E2003791E4 /* Photo+CoreDataProperties.swift in Sources */ = {isa = PBXBuildFile; fileRef = AC17302C1FA143E2003791E4 /* Photo+CoreDataProperties.swift */; };
		AC1730321FA143FB003791E4 /* CoreDataStack.swift in Sources */ = {isa = PBXBuildFile; fileRef = AC1730311FA143FB003791E4 /* CoreDataStack.swift */; };
		AC2D9E881FA3C1EF00D09DC7 /* FlickrConvenience.swift in Sources */ = {isa = PBXBuildFile; fileRef = AC2D9E871FA3C1EF00D09DC7 /* FlickrConvenience.swift */; };
		AC71DB711F9FB78B00176822 /* AlbumViewController.swift in Sources */ = {isa = PBXBuildFile; fileRef = AC71DB701F9FB78B00176822 /* AlbumViewController.swift */; };
		AC71DB731F9FC26500176822 /* MyViewControllerClass.swift in Sources */ = {isa = PBXBuildFile; fileRef = AC71DB721F9FC26500176822 /* MyViewControllerClass.swift */; };
		ACA468411F9F49E8001D43C2 /* AppDelegate.swift in Sources */ = {isa = PBXBuildFile; fileRef = ACA468401F9F49E8001D43C2 /* AppDelegate.swift */; };
		ACA468431F9F49E8001D43C2 /* MapViewController.swift in Sources */ = {isa = PBXBuildFile; fileRef = ACA468421F9F49E8001D43C2 /* MapViewController.swift */; };
		ACA468461F9F49E8001D43C2 /* Main.storyboard in Resources */ = {isa = PBXBuildFile; fileRef = ACA468441F9F49E8001D43C2 /* Main.storyboard */; };
		ACA468481F9F49E8001D43C2 /* Assets.xcassets in Resources */ = {isa = PBXBuildFile; fileRef = ACA468471F9F49E8001D43C2 /* Assets.xcassets */; };
		ACA4684B1F9F49E8001D43C2 /* LaunchScreen.storyboard in Resources */ = {isa = PBXBuildFile; fileRef = ACA468491F9F49E8001D43C2 /* LaunchScreen.storyboard */; };
		ACB61C311FA0900E0023F6DF /* FlickrClient.swift in Sources */ = {isa = PBXBuildFile; fileRef = ACB61C301FA0900E0023F6DF /* FlickrClient.swift */; };
		ACB61C341FA095020023F6DF /* GCDBlackBox.swift in Sources */ = {isa = PBXBuildFile; fileRef = ACB61C331FA095020023F6DF /* GCDBlackBox.swift */; };
		ACB61C371FA0BAAE0023F6DF /* Model.swift in Sources */ = {isa = PBXBuildFile; fileRef = ACB61C361FA0BAAE0023F6DF /* Model.swift */; };
		ACB61C391FA0BD3E0023F6DF /* Constants.swift in Sources */ = {isa = PBXBuildFile; fileRef = ACB61C381FA0BD3E0023F6DF /* Constants.swift */; };
		ACB61C3C1FA0CD360023F6DF /* FlickrImageCollectionCell.swift in Sources */ = {isa = PBXBuildFile; fileRef = ACB61C3B1FA0CD360023F6DF /* FlickrImageCollectionCell.swift */; };
		ACB61C3E1FA0E58D0023F6DF /* Extensions.swift in Sources */ = {isa = PBXBuildFile; fileRef = ACB61C3D1FA0E58D0023F6DF /* Extensions.swift */; };
/* End PBXBuildFile section */

/* Begin PBXFileReference section */
		AC1730261FA1436A003791E4 /* Model.xcdatamodel */ = {isa = PBXFileReference; lastKnownFileType = wrapper.xcdatamodel; path = Model.xcdatamodel; sourceTree = "<group>"; };
		AC1730291FA143E2003791E4 /* Location+CoreDataClass.swift */ = {isa = PBXFileReference; lastKnownFileType = sourcecode.swift; path = "Location+CoreDataClass.swift"; sourceTree = "<group>"; };
		AC17302A1FA143E2003791E4 /* Location+CoreDataProperties.swift */ = {isa = PBXFileReference; lastKnownFileType = sourcecode.swift; path = "Location+CoreDataProperties.swift"; sourceTree = "<group>"; };
		AC17302B1FA143E2003791E4 /* Photo+CoreDataClass.swift */ = {isa = PBXFileReference; lastKnownFileType = sourcecode.swift; path = "Photo+CoreDataClass.swift"; sourceTree = "<group>"; };
		AC17302C1FA143E2003791E4 /* Photo+CoreDataProperties.swift */ = {isa = PBXFileReference; lastKnownFileType = sourcecode.swift; path = "Photo+CoreDataProperties.swift"; sourceTree = "<group>"; };
		AC1730311FA143FB003791E4 /* CoreDataStack.swift */ = {isa = PBXFileReference; lastKnownFileType = sourcecode.swift; path = CoreDataStack.swift; sourceTree = "<group>"; };
		AC2D9E871FA3C1EF00D09DC7 /* FlickrConvenience.swift */ = {isa = PBXFileReference; lastKnownFileType = sourcecode.swift; path = FlickrConvenience.swift; sourceTree = "<group>"; };
		AC71DB701F9FB78B00176822 /* AlbumViewController.swift */ = {isa = PBXFileReference; lastKnownFileType = sourcecode.swift; path = AlbumViewController.swift; sourceTree = "<group>"; };
		AC71DB721F9FC26500176822 /* MyViewControllerClass.swift */ = {isa = PBXFileReference; lastKnownFileType = sourcecode.swift; path = MyViewControllerClass.swift; sourceTree = "<group>"; };
		ACA4683D1F9F49E8001D43C2 /* Virtual-Tourist.app */ = {isa = PBXFileReference; explicitFileType = wrapper.application; includeInIndex = 0; path = "Virtual-Tourist.app"; sourceTree = BUILT_PRODUCTS_DIR; };
		ACA468401F9F49E8001D43C2 /* AppDelegate.swift */ = {isa = PBXFileReference; lastKnownFileType = sourcecode.swift; path = AppDelegate.swift; sourceTree = "<group>"; };
		ACA468421F9F49E8001D43C2 /* MapViewController.swift */ = {isa = PBXFileReference; lastKnownFileType = sourcecode.swift; path = MapViewController.swift; sourceTree = "<group>"; };
		ACA468451F9F49E8001D43C2 /* Base */ = {isa = PBXFileReference; lastKnownFileType = file.storyboard; name = Base; path = Base.lproj/Main.storyboard; sourceTree = "<group>"; };
		ACA468471F9F49E8001D43C2 /* Assets.xcassets */ = {isa = PBXFileReference; lastKnownFileType = folder.assetcatalog; path = Assets.xcassets; sourceTree = "<group>"; };
		ACA4684A1F9F49E8001D43C2 /* Base */ = {isa = PBXFileReference; lastKnownFileType = file.storyboard; name = Base; path = Base.lproj/LaunchScreen.storyboard; sourceTree = "<group>"; };
		ACA4684C1F9F49E8001D43C2 /* Info.plist */ = {isa = PBXFileReference; lastKnownFileType = text.plist.xml; path = Info.plist; sourceTree = "<group>"; };
		ACB61C301FA0900E0023F6DF /* FlickrClient.swift */ = {isa = PBXFileReference; lastKnownFileType = sourcecode.swift; path = FlickrClient.swift; sourceTree = "<group>"; };
		ACB61C331FA095020023F6DF /* GCDBlackBox.swift */ = {isa = PBXFileReference; lastKnownFileType = sourcecode.swift; path = GCDBlackBox.swift; sourceTree = "<group>"; };
		ACB61C361FA0BAAE0023F6DF /* Model.swift */ = {isa = PBXFileReference; lastKnownFileType = sourcecode.swift; path = Model.swift; sourceTree = "<group>"; };
		ACB61C381FA0BD3E0023F6DF /* Constants.swift */ = {isa = PBXFileReference; lastKnownFileType = sourcecode.swift; path = Constants.swift; sourceTree = "<group>"; };
		ACB61C3B1FA0CD360023F6DF /* FlickrImageCollectionCell.swift */ = {isa = PBXFileReference; lastKnownFileType = sourcecode.swift; path = FlickrImageCollectionCell.swift; sourceTree = "<group>"; };
		ACB61C3D1FA0E58D0023F6DF /* Extensions.swift */ = {isa = PBXFileReference; lastKnownFileType = sourcecode.swift; path = Extensions.swift; sourceTree = "<group>"; };
/* End PBXFileReference section */

/* Begin PBXFrameworksBuildPhase section */
		ACA4683A1F9F49E8001D43C2 /* Frameworks */ = {
			isa = PBXFrameworksBuildPhase;
			buildActionMask = 2147483647;
			files = (
			);
			runOnlyForDeploymentPostprocessing = 0;
		};
/* End PBXFrameworksBuildPhase section */

/* Begin PBXGroup section */
		AC1730281FA14372003791E4 /* CoreData */ = {
			isa = PBXGroup;
			children = (
				AC1730291FA143E2003791E4 /* Location+CoreDataClass.swift */,
				AC17302A1FA143E2003791E4 /* Location+CoreDataProperties.swift */,
				AC17302B1FA143E2003791E4 /* Photo+CoreDataClass.swift */,
				AC17302C1FA143E2003791E4 /* Photo+CoreDataProperties.swift */,
				AC1730251FA1436A003791E4 /* Model.xcdatamodeld */,
				AC1730311FA143FB003791E4 /* CoreDataStack.swift */,
			);
			path = CoreData;
			sourceTree = "<group>";
		};
		AC1730331FA14792003791E4 /* Assets */ = {
			isa = PBXGroup;
			children = (
				ACA468441F9F49E8001D43C2 /* Main.storyboard */,
				ACA468471F9F49E8001D43C2 /* Assets.xcassets */,
				ACA468491F9F49E8001D43C2 /* LaunchScreen.storyboard */,
			);
			path = Assets;
			sourceTree = "<group>";
		};
		AC1730341FA147B7003791E4 /* Supporting Files */ = {
			isa = PBXGroup;
			children = (
			);
			path = "Supporting Files";
			sourceTree = "<group>";
		};
		ACA468341F9F49E8001D43C2 = {
			isa = PBXGroup;
			children = (
				ACA4683F1F9F49E8001D43C2 /* Virtual-Tourist */,
				ACA4683E1F9F49E8001D43C2 /* Products */,
			);
			sourceTree = "<group>";
		};
		ACA4683E1F9F49E8001D43C2 /* Products */ = {
			isa = PBXGroup;
			children = (
				ACA4683D1F9F49E8001D43C2 /* Virtual-Tourist.app */,
			);
			name = Products;
			sourceTree = "<group>";
		};
		ACA4683F1F9F49E8001D43C2 /* Virtual-Tourist */ = {
			isa = PBXGroup;
			children = (
				ACA468401F9F49E8001D43C2 /* AppDelegate.swift */,
				ACA4684C1F9F49E8001D43C2 /* Info.plist */,
				AC1730341FA147B7003791E4 /* Supporting Files */,
				AC1730281FA14372003791E4 /* CoreData */,
				ACB61C3A1FA0CD1B0023F6DF /* View */,
				ACB61C321FA094F20023F6DF /* Helper */,
				ACB61C2F1FA08FEA0023F6DF /* FlickrClient */,
				ACB61C351FA0968D0023F6DF /* ViewControllers */,
				AC1730331FA14792003791E4 /* Assets */,
			);
			path = "Virtual-Tourist";
			sourceTree = "<group>";
		};
		ACB61C2F1FA08FEA0023F6DF /* FlickrClient */ = {
			isa = PBXGroup;
			children = (
				ACB61C301FA0900E0023F6DF /* FlickrClient.swift */,
				ACB61C361FA0BAAE0023F6DF /* Model.swift */,
				ACB61C381FA0BD3E0023F6DF /* Constants.swift */,
				AC2D9E871FA3C1EF00D09DC7 /* FlickrConvenience.swift */,
			);
			path = FlickrClient;
			sourceTree = "<group>";
		};
		ACB61C321FA094F20023F6DF /* Helper */ = {
			isa = PBXGroup;
			children = (
				AC71DB721F9FC26500176822 /* MyViewControllerClass.swift */,
				ACB61C331FA095020023F6DF /* GCDBlackBox.swift */,
				ACB61C3D1FA0E58D0023F6DF /* Extensions.swift */,
			);
			path = Helper;
			sourceTree = "<group>";
		};
		ACB61C351FA0968D0023F6DF /* ViewControllers */ = {
			isa = PBXGroup;
			children = (
				ACA468421F9F49E8001D43C2 /* MapViewController.swift */,
				AC71DB701F9FB78B00176822 /* AlbumViewController.swift */,
			);
			path = ViewControllers;
			sourceTree = "<group>";
		};
		ACB61C3A1FA0CD1B0023F6DF /* View */ = {
			isa = PBXGroup;
			children = (
				ACB61C3B1FA0CD360023F6DF /* FlickrImageCollectionCell.swift */,
			);
			path = View;
			sourceTree = "<group>";
		};
/* End PBXGroup section */

/* Begin PBXNativeTarget section */
		ACA4683C1F9F49E8001D43C2 /* Virtual-Tourist */ = {
			isa = PBXNativeTarget;
			buildConfigurationList = ACA4684F1F9F49E8001D43C2 /* Build configuration list for PBXNativeTarget "Virtual-Tourist" */;
			buildPhases = (
				ACA468391F9F49E8001D43C2 /* Sources */,
				ACA4683A1F9F49E8001D43C2 /* Frameworks */,
				ACA4683B1F9F49E8001D43C2 /* Resources */,
			);
			buildRules = (
			);
			dependencies = (
			);
			name = "Virtual-Tourist";
			productName = "Virtual-Tourist";
			productReference = ACA4683D1F9F49E8001D43C2 /* Virtual-Tourist.app */;
			productType = "com.apple.product-type.application";
		};
/* End PBXNativeTarget section */

/* Begin PBXProject section */
		ACA468351F9F49E8001D43C2 /* Project object */ = {
			isa = PBXProject;
			attributes = {
				LastSwiftUpdateCheck = 0900;
				LastUpgradeCheck = 0900;
				ORGANIZATIONNAME = "mitul jindal";
				TargetAttributes = {
					ACA4683C1F9F49E8001D43C2 = {
						CreatedOnToolsVersion = 9.0;
						ProvisioningStyle = Automatic;
					};
				};
			};
			buildConfigurationList = ACA468381F9F49E8001D43C2 /* Build configuration list for PBXProject "Virtual-Tourist" */;
			compatibilityVersion = "Xcode 8.0";
			developmentRegion = en;
			hasScannedForEncodings = 0;
			knownRegions = (
				en,
				Base,
			);
			mainGroup = ACA468341F9F49E8001D43C2;
			productRefGroup = ACA4683E1F9F49E8001D43C2 /* Products */;
			projectDirPath = "";
			projectRoot = "";
			targets = (
				ACA4683C1F9F49E8001D43C2 /* Virtual-Tourist */,
			);
		};
/* End PBXProject section */

/* Begin PBXResourcesBuildPhase section */
		ACA4683B1F9F49E8001D43C2 /* Resources */ = {
			isa = PBXResourcesBuildPhase;
			buildActionMask = 2147483647;
			files = (
				ACA4684B1F9F49E8001D43C2 /* LaunchScreen.storyboard in Resources */,
				ACA468481F9F49E8001D43C2 /* Assets.xcassets in Resources */,
				ACA468461F9F49E8001D43C2 /* Main.storyboard in Resources */,
			);
			runOnlyForDeploymentPostprocessing = 0;
		};
/* End PBXResourcesBuildPhase section */

/* Begin PBXSourcesBuildPhase section */
		ACA468391F9F49E8001D43C2 /* Sources */ = {
			isa = PBXSourcesBuildPhase;
			buildActionMask = 2147483647;
			files = (
				AC17302D1FA143E2003791E4 /* Location+CoreDataClass.swift in Sources */,
				ACB61C371FA0BAAE0023F6DF /* Model.swift in Sources */,
				AC71DB731F9FC26500176822 /* MyViewControllerClass.swift in Sources */,
				AC1730301FA143E2003791E4 /* Photo+CoreDataProperties.swift in Sources */,
				ACB61C311FA0900E0023F6DF /* FlickrClient.swift in Sources */,
				AC17302E1FA143E2003791E4 /* Location+CoreDataProperties.swift in Sources */,
				AC71DB711F9FB78B00176822 /* AlbumViewController.swift in Sources */,
				AC1730321FA143FB003791E4 /* CoreDataStack.swift in Sources */,
				ACA468431F9F49E8001D43C2 /* MapViewController.swift in Sources */,
				AC2D9E881FA3C1EF00D09DC7 /* FlickrConvenience.swift in Sources */,
				ACB61C3E1FA0E58D0023F6DF /* Extensions.swift in Sources */,
				AC17302F1FA143E2003791E4 /* Photo+CoreDataClass.swift in Sources */,
				ACB61C3C1FA0CD360023F6DF /* FlickrImageCollectionCell.swift in Sources */,
				ACB61C341FA095020023F6DF /* GCDBlackBox.swift in Sources */,
				ACA468411F9F49E8001D43C2 /* AppDelegate.swift in Sources */,
				AC1730271FA1436A003791E4 /* Model.xcdatamodeld in Sources */,
				ACB61C391FA0BD3E0023F6DF /* Constants.swift in Sources */,
			);
			runOnlyForDeploymentPostprocessing = 0;
		};
/* End PBXSourcesBuildPhase section */

/* Begin PBXVariantGroup section */
		ACA468441F9F49E8001D43C2 /* Main.storyboard */ = {
			isa = PBXVariantGroup;
			children = (
				ACA468451F9F49E8001D43C2 /* Base */,
			);
			name = Main.storyboard;
			sourceTree = "<group>";
		};
		ACA468491F9F49E8001D43C2 /* LaunchScreen.storyboard */ = {
			isa = PBXVariantGroup;
			children = (
				ACA4684A1F9F49E8001D43C2 /* Base */,
			);
			name = LaunchScreen.storyboard;
			sourceTree = "<group>";
		};
/* End PBXVariantGroup section */

/* Begin XCBuildConfiguration section */
		ACA4684D1F9F49E8001D43C2 /* Debug */ = {
			isa = XCBuildConfiguration;
			buildSettings = {
				ALWAYS_SEARCH_USER_PATHS = NO;
				CLANG_ANALYZER_NONNULL = YES;
				CLANG_ANALYZER_NUMBER_OBJECT_CONVERSION = YES_AGGRESSIVE;
				CLANG_CXX_LANGUAGE_STANDARD = "gnu++14";
				CLANG_CXX_LIBRARY = "libc++";
				CLANG_ENABLE_MODULES = YES;
				CLANG_ENABLE_OBJC_ARC = YES;
				CLANG_WARN_BLOCK_CAPTURE_AUTORELEASING = YES;
				CLANG_WARN_BOOL_CONVERSION = YES;
				CLANG_WARN_COMMA = YES;
				CLANG_WARN_CONSTANT_CONVERSION = YES;
				CLANG_WARN_DIRECT_OBJC_ISA_USAGE = YES_ERROR;
				CLANG_WARN_DOCUMENTATION_COMMENTS = YES;
				CLANG_WARN_EMPTY_BODY = YES;
				CLANG_WARN_ENUM_CONVERSION = YES;
				CLANG_WARN_INFINITE_RECURSION = YES;
				CLANG_WARN_INT_CONVERSION = YES;
				CLANG_WARN_NON_LITERAL_NULL_CONVERSION = YES;
				CLANG_WARN_OBJC_LITERAL_CONVERSION = YES;
				CLANG_WARN_OBJC_ROOT_CLASS = YES_ERROR;
				CLANG_WARN_RANGE_LOOP_ANALYSIS = YES;
				CLANG_WARN_STRICT_PROTOTYPES = YES;
				CLANG_WARN_SUSPICIOUS_MOVE = YES;
				CLANG_WARN_UNGUARDED_AVAILABILITY = YES_AGGRESSIVE;
				CLANG_WARN_UNREACHABLE_CODE = YES;
				CLANG_WARN__DUPLICATE_METHOD_MATCH = YES;
				CODE_SIGN_IDENTITY = "iPhone Developer";
				COPY_PHASE_STRIP = NO;
				DEBUG_INFORMATION_FORMAT = dwarf;
				ENABLE_STRICT_OBJC_MSGSEND = YES;
				ENABLE_TESTABILITY = YES;
				GCC_C_LANGUAGE_STANDARD = gnu11;
				GCC_DYNAMIC_NO_PIC = NO;
				GCC_NO_COMMON_BLOCKS = YES;
				GCC_OPTIMIZATION_LEVEL = 0;
				GCC_PREPROCESSOR_DEFINITIONS = (
					"DEBUG=1",
					"$(inherited)",
				);
				GCC_WARN_64_TO_32_BIT_CONVERSION = YES;
				GCC_WARN_ABOUT_RETURN_TYPE = YES_ERROR;
				GCC_WARN_UNDECLARED_SELECTOR = YES;
				GCC_WARN_UNINITIALIZED_AUTOS = YES_AGGRESSIVE;
				GCC_WARN_UNUSED_FUNCTION = YES;
				GCC_WARN_UNUSED_VARIABLE = YES;
				IPHONEOS_DEPLOYMENT_TARGET = 11.0;
				MTL_ENABLE_DEBUG_INFO = YES;
				ONLY_ACTIVE_ARCH = YES;
				SDKROOT = iphoneos;
				SWIFT_ACTIVE_COMPILATION_CONDITIONS = DEBUG;
				SWIFT_OPTIMIZATION_LEVEL = "-Onone";
			};
			name = Debug;
		};
		ACA4684E1F9F49E8001D43C2 /* Release */ = {
			isa = XCBuildConfiguration;
			buildSettings = {
				ALWAYS_SEARCH_USER_PATHS = NO;
				CLANG_ANALYZER_NONNULL = YES;
				CLANG_ANALYZER_NUMBER_OBJECT_CONVERSION = YES_AGGRESSIVE;
				CLANG_CXX_LANGUAGE_STANDARD = "gnu++14";
				CLANG_CXX_LIBRARY = "libc++";
				CLANG_ENABLE_MODULES = YES;
				CLANG_ENABLE_OBJC_ARC = YES;
				CLANG_WARN_BLOCK_CAPTURE_AUTORELEASING = YES;
				CLANG_WARN_BOOL_CONVERSION = YES;
				CLANG_WARN_COMMA = YES;
				CLANG_WARN_CONSTANT_CONVERSION = YES;
				CLANG_WARN_DIRECT_OBJC_ISA_USAGE = YES_ERROR;
				CLANG_WARN_DOCUMENTATION_COMMENTS = YES;
				CLANG_WARN_EMPTY_BODY = YES;
				CLANG_WARN_ENUM_CONVERSION = YES;
				CLANG_WARN_INFINITE_RECURSION = YES;
				CLANG_WARN_INT_CONVERSION = YES;
				CLANG_WARN_NON_LITERAL_NULL_CONVERSION = YES;
				CLANG_WARN_OBJC_LITERAL_CONVERSION = YES;
				CLANG_WARN_OBJC_ROOT_CLASS = YES_ERROR;
				CLANG_WARN_RANGE_LOOP_ANALYSIS = YES;
				CLANG_WARN_STRICT_PROTOTYPES = YES;
				CLANG_WARN_SUSPICIOUS_MOVE = YES;
				CLANG_WARN_UNGUARDED_AVAILABILITY = YES_AGGRESSIVE;
				CLANG_WARN_UNREACHABLE_CODE = YES;
				CLANG_WARN__DUPLICATE_METHOD_MATCH = YES;
				CODE_SIGN_IDENTITY = "iPhone Developer";
				COPY_PHASE_STRIP = NO;
				DEBUG_INFORMATION_FORMAT = "dwarf-with-dsym";
				ENABLE_NS_ASSERTIONS = NO;
				ENABLE_STRICT_OBJC_MSGSEND = YES;
				GCC_C_LANGUAGE_STANDARD = gnu11;
				GCC_NO_COMMON_BLOCKS = YES;
				GCC_WARN_64_TO_32_BIT_CONVERSION = YES;
				GCC_WARN_ABOUT_RETURN_TYPE = YES_ERROR;
				GCC_WARN_UNDECLARED_SELECTOR = YES;
				GCC_WARN_UNINITIALIZED_AUTOS = YES_AGGRESSIVE;
				GCC_WARN_UNUSED_FUNCTION = YES;
				GCC_WARN_UNUSED_VARIABLE = YES;
				IPHONEOS_DEPLOYMENT_TARGET = 11.0;
				MTL_ENABLE_DEBUG_INFO = NO;
				SDKROOT = iphoneos;
				SWIFT_OPTIMIZATION_LEVEL = "-Owholemodule";
				VALIDATE_PRODUCT = YES;
			};
			name = Release;
		};
		ACA468501F9F49E8001D43C2 /* Debug */ = {
			isa = XCBuildConfiguration;
			buildSettings = {
				ASSETCATALOG_COMPILER_APPICON_NAME = AppIcon;
				CODE_SIGN_STYLE = Automatic;
				DEVELOPMENT_TEAM = 3N8U68QA7Q;
				INFOPLIST_FILE = "Virtual-Tourist/Info.plist";
				LD_RUNPATH_SEARCH_PATHS = "$(inherited) @executable_path/Frameworks";
				PRODUCT_BUNDLE_IDENTIFIER = "com.mitul.Virtual-Tourist";
				PRODUCT_NAME = "$(TARGET_NAME)";
				SWIFT_VERSION = 4.0;
				TARGETED_DEVICE_FAMILY = "1,2";
			};
			name = Debug;
		};
		ACA468511F9F49E8001D43C2 /* Release */ = {
			isa = XCBuildConfiguration;
			buildSettings = {
				ASSETCATALOG_COMPILER_APPICON_NAME = AppIcon;
				CODE_SIGN_STYLE = Automatic;
				DEVELOPMENT_TEAM = 3N8U68QA7Q;
				INFOPLIST_FILE = "Virtual-Tourist/Info.plist";
				LD_RUNPATH_SEARCH_PATHS = "$(inherited) @executable_path/Frameworks";
				PRODUCT_BUNDLE_IDENTIFIER = "com.mitul.Virtual-Tourist";
				PRODUCT_NAME = "$(TARGET_NAME)";
				SWIFT_VERSION = 4.0;
				TARGETED_DEVICE_FAMILY = "1,2";
			};
			name = Release;
		};
/* End XCBuildConfiguration section */

/* Begin XCConfigurationList section */
		ACA468381F9F49E8001D43C2 /* Build configuration list for PBXProject "Virtual-Tourist" */ = {
			isa = XCConfigurationList;
			buildConfigurations = (
				ACA4684D1F9F49E8001D43C2 /* Debug */,
				ACA4684E1F9F49E8001D43C2 /* Release */,
			);
			defaultConfigurationIsVisible = 0;
			defaultConfigurationName = Release;
		};
		ACA4684F1F9F49E8001D43C2 /* Build configuration list for PBXNativeTarget "Virtual-Tourist" */ = {
			isa = XCConfigurationList;
			buildConfigurations = (
				ACA468501F9F49E8001D43C2 /* Debug */,
				ACA468511F9F49E8001D43C2 /* Release */,
			);
			defaultConfigurationIsVisible = 0;
			defaultConfigurationName = Release;
		};
/* End XCConfigurationList section */

/* Begin XCVersionGroup section */
		AC1730251FA1436A003791E4 /* Model.xcdatamodeld */ = {
			isa = XCVersionGroup;
			children = (
				AC1730261FA1436A003791E4 /* Model.xcdatamodel */,
			);
			currentVersion = AC1730261FA1436A003791E4 /* Model.xcdatamodel */;
			path = Model.xcdatamodeld;
			sourceTree = "<group>";
			versionGroupType = wrapper.xcdatamodel;
		};
/* End XCVersionGroup section */
	};
	rootObject = ACA468351F9F49E8001D43C2 /* Project object */;
}
